# generated by rye
# use `rye lock` or `rye sync` to update this lockfile
#
# last locked with the following flags:
#   pre: false
#   features: []
#   all-features: false
#   with-sources: false
#   generate-hashes: false
#   universal: false

-e file:.
aiofiles==24.1.0
    # via apache-airflow-providers-cncf-kubernetes
aiohappyeyeballs==2.3.5
    # via aiohttp
aiohttp==3.10.3
    # via apache-airflow-providers-http
    # via kubernetes-asyncio
aiosignal==1.3.1
    # via aiohttp
alembic==1.13.2
    # via apache-airflow
amqp==5.2.0
    # via kombu
anyio==4.4.0
    # via httpx
apache-airflow==2.10.0
    # via airflow-dags
    # via apache-airflow-providers-celery
    # via apache-airflow-providers-cncf-kubernetes
    # via apache-airflow-providers-common-compat
    # via apache-airflow-providers-common-io
    # via apache-airflow-providers-common-sql
    # via apache-airflow-providers-fab
    # via apache-airflow-providers-ftp
    # via apache-airflow-providers-http
    # via apache-airflow-providers-imap
    # via apache-airflow-providers-smtp
    # via apache-airflow-providers-sqlite
apache-airflow-providers-celery==3.7.3
    # via apache-airflow
apache-airflow-providers-cncf-kubernetes==8.4.1
    # via airflow-dags
apache-airflow-providers-common-compat==1.1.0
    # via apache-airflow
apache-airflow-providers-common-io==1.4.0
    # via apache-airflow
apache-airflow-providers-common-sql==1.15.0
    # via apache-airflow
    # via apache-airflow-providers-sqlite
apache-airflow-providers-fab==1.2.2
    # via apache-airflow
apache-airflow-providers-ftp==3.10.1
    # via apache-airflow
apache-airflow-providers-http==4.12.0
    # via apache-airflow
apache-airflow-providers-imap==3.6.1
    # via apache-airflow
apache-airflow-providers-smtp==1.7.1
    # via apache-airflow
apache-airflow-providers-sqlite==3.8.2
    # via apache-airflow
apispec==6.6.1
    # via flask-appbuilder
argcomplete==3.5.0
    # via apache-airflow
asgiref==3.8.1
    # via apache-airflow
    # via apache-airflow-providers-cncf-kubernetes
    # via apache-airflow-providers-http
attrs==24.2.0
    # via aiohttp
    # via apache-airflow
    # via jsonschema
    # via referencing
babel==2.16.0
    # via flask-babel
billiard==4.2.0
    # via celery
blinker==1.8.2
    # via apache-airflow
cachelib==0.9.0
    # via flask-caching
    # via flask-session
cachetools==5.5.0
    # via google-auth
celery==5.4.0
    # via apache-airflow-providers-celery
    # via flower
certifi==2024.7.4
    # via httpcore
    # via httpx
    # via kubernetes
    # via kubernetes-asyncio
    # via requests
cffi==1.17.0
    # via cryptography
charset-normalizer==3.3.2
    # via requests
click==8.1.7
    # via celery
    # via click-didyoumean
    # via click-plugins
    # via click-repl
    # via clickclick
    # via flask
    # via flask-appbuilder
click-didyoumean==0.3.1
    # via celery
click-plugins==1.1.1
    # via celery
click-repl==0.3.0
    # via celery
clickclick==20.10.2
    # via connexion
colorama==0.4.6
    # via flask-appbuilder
colorlog==6.8.2
    # via apache-airflow
configupdater==3.2
    # via apache-airflow
connexion==2.14.2
    # via apache-airflow
cron-descriptor==1.4.3
    # via apache-airflow
croniter==3.0.3
    # via apache-airflow
cryptography==41.0.7
    # via apache-airflow
    # via apache-airflow-providers-cncf-kubernetes
deprecated==1.2.14
    # via apache-airflow
    # via limits
    # via opentelemetry-api
    # via opentelemetry-exporter-otlp-proto-grpc
    # via opentelemetry-exporter-otlp-proto-http
    # via opentelemetry-semantic-conventions
dill==0.3.1.1
    # via apache-airflow
dnspython==2.6.1
    # via email-validator
docutils==0.16
    # via python-daemon
email-validator==2.2.0
    # via flask-appbuilder
flask==2.2.5
    # via apache-airflow
    # via apache-airflow-providers-fab
    # via connexion
    # via flask-appbuilder
    # via flask-babel
    # via flask-caching
    # via flask-jwt-extended
    # via flask-limiter
    # via flask-login
    # via flask-session
    # via flask-sqlalchemy
    # via flask-wtf
flask-appbuilder==4.5.0
    # via apache-airflow-providers-fab
flask-babel==2.0.0
    # via flask-appbuilder
flask-caching==2.3.0
    # via apache-airflow
flask-jwt-extended==4.6.0
    # via flask-appbuilder
flask-limiter==3.8.0
    # via flask-appbuilder
flask-login==0.6.3
    # via apache-airflow-providers-fab
    # via flask-appbuilder
flask-session==0.5.0
    # via apache-airflow
flask-sqlalchemy==2.5.1
    # via flask-appbuilder
flask-wtf==1.2.1
    # via apache-airflow
    # via flask-appbuilder
flower==2.0.1
    # via apache-airflow-providers-celery
frozenlist==1.4.1
    # via aiohttp
    # via aiosignal
fsspec==2024.6.1
    # via apache-airflow
    # via universal-pathlib
google-auth==2.34.0
    # via kubernetes
google-re2==1.1.20240702
    # via apache-airflow
    # via apache-airflow-providers-celery
    # via apache-airflow-providers-cncf-kubernetes
    # via apache-airflow-providers-fab
googleapis-common-protos==1.63.2
    # via opentelemetry-exporter-otlp-proto-grpc
    # via opentelemetry-exporter-otlp-proto-http
grpcio==1.65.4
    # via opentelemetry-exporter-otlp-proto-grpc
gunicorn==23.0.0
    # via apache-airflow
h11==0.14.0
    # via httpcore
httpcore==1.0.5
    # via httpx
httpx==0.27.0
    # via apache-airflow
humanize==4.10.0
    # via flower
idna==3.7
    # via anyio
    # via email-validator
    # via httpx
    # via requests
    # via yarl
importlib-metadata==6.11.0
    # via opentelemetry-api
importlib-resources==6.4.0
    # via limits
inflection==0.5.1
    # via connexion
itsdangerous==2.2.0
    # via apache-airflow
    # via connexion
    # via flask
    # via flask-wtf
jinja2==3.1.4
    # via apache-airflow
    # via flask
    # via flask-babel
    # via python-nvd3
jmespath==0.10.0
    # via apache-airflow-providers-fab
jsonschema==4.23.0
    # via apache-airflow
    # via connexion
    # via flask-appbuilder
jsonschema-specifications==2023.12.1
    # via jsonschema
kombu==5.4.0
    # via celery
kubernetes==30.1.0
    # via apache-airflow-providers-cncf-kubernetes
kubernetes-asyncio==30.1.0
    # via apache-airflow-providers-cncf-kubernetes
lazy-object-proxy==1.10.0
    # via apache-airflow
limits==3.13.0
    # via flask-limiter
linkify-it-py==2.0.3
    # via apache-airflow
lockfile==0.12.2
    # via apache-airflow
    # via python-daemon
mako==1.3.5
    # via alembic
markdown-it-py==3.0.0
    # via apache-airflow
    # via mdit-py-plugins
    # via rich
markupsafe==2.1.5
    # via apache-airflow
    # via jinja2
    # via mako
    # via werkzeug
    # via wtforms
marshmallow==3.21.3
    # via flask-appbuilder
    # via marshmallow-oneofschema
    # via marshmallow-sqlalchemy
marshmallow-oneofschema==3.1.1
    # via apache-airflow
marshmallow-sqlalchemy==0.28.2
    # via flask-appbuilder
mdit-py-plugins==0.4.1
    # via apache-airflow
mdurl==0.1.2
    # via markdown-it-py
methodtools==0.4.7
    # via apache-airflow
more-itertools==10.4.0
    # via apache-airflow-providers-common-sql
multidict==6.0.5
    # via aiohttp
    # via yarl
oauthlib==3.2.2
    # via kubernetes
    # via requests-oauthlib
opentelemetry-api==1.26.0
    # via apache-airflow
    # via opentelemetry-exporter-otlp-proto-grpc
    # via opentelemetry-exporter-otlp-proto-http
    # via opentelemetry-sdk
    # via opentelemetry-semantic-conventions
opentelemetry-exporter-otlp==1.26.0
    # via apache-airflow
opentelemetry-exporter-otlp-proto-common==1.26.0
    # via opentelemetry-exporter-otlp-proto-grpc
    # via opentelemetry-exporter-otlp-proto-http
opentelemetry-exporter-otlp-proto-grpc==1.26.0
    # via opentelemetry-exporter-otlp
opentelemetry-exporter-otlp-proto-http==1.26.0
    # via opentelemetry-exporter-otlp
opentelemetry-proto==1.26.0
    # via opentelemetry-exporter-otlp-proto-common
    # via opentelemetry-exporter-otlp-proto-grpc
    # via opentelemetry-exporter-otlp-proto-http
opentelemetry-sdk==1.26.0
    # via opentelemetry-exporter-otlp-proto-grpc
    # via opentelemetry-exporter-otlp-proto-http
opentelemetry-semantic-conventions==0.47b0
    # via opentelemetry-sdk
ordered-set==4.1.0
    # via flask-limiter
packaging==24.1
    # via apache-airflow
    # via apispec
    # via connexion
    # via gunicorn
    # via limits
    # via marshmallow
    # via marshmallow-sqlalchemy
pathspec==0.12.1
    # via apache-airflow
pendulum==3.0.0
    # via apache-airflow
pluggy==1.5.0
    # via apache-airflow
prison==0.2.1
    # via flask-appbuilder
prometheus-client==0.20.0
    # via flower
prompt-toolkit==3.0.47
    # via click-repl
protobuf==4.25.4
    # via googleapis-common-protos
    # via opentelemetry-proto
psutil==6.0.0
    # via apache-airflow
pyasn1==0.6.0
    # via pyasn1-modules
    # via rsa
pyasn1-modules==0.4.0
    # via google-auth
pycparser==2.22
    # via cffi
pygments==2.18.0
    # via apache-airflow
    # via rich
pyjwt==2.9.0
    # via apache-airflow
    # via flask-appbuilder
    # via flask-jwt-extended
python-daemon==3.0.1
    # via apache-airflow
python-dateutil==2.9.0.post0
    # via apache-airflow
    # via celery
    # via croniter
    # via flask-appbuilder
    # via kubernetes
    # via kubernetes-asyncio
    # via pendulum
    # via time-machine
python-nvd3==0.16.0
    # via apache-airflow
python-slugify==8.0.4
    # via apache-airflow
    # via python-nvd3
pytz==2024.1
    # via croniter
    # via flask-babel
    # via flower
pyyaml==6.0.2
    # via apispec
    # via clickclick
    # via connexion
    # via kubernetes
    # via kubernetes-asyncio
redis==5.0.8
    # via celery
referencing==0.35.1
    # via jsonschema
    # via jsonschema-specifications
requests==2.32.3
    # via apache-airflow
    # via apache-airflow-providers-http
    # via connexion
    # via kubernetes
    # via opentelemetry-exporter-otlp-proto-http
    # via requests-oauthlib
    # via requests-toolbelt
requests-oauthlib==2.0.0
    # via kubernetes
requests-toolbelt==1.0.0
    # via apache-airflow
    # via apache-airflow-providers-http
rfc3339-validator==0.1.4
    # via apache-airflow
rich==13.7.1
    # via apache-airflow
    # via flask-limiter
    # via rich-argparse
rich-argparse==1.5.2
    # via apache-airflow
rpds-py==0.20.0
    # via jsonschema
    # via referencing
rsa==4.9
    # via google-auth
setproctitle==1.3.3
    # via apache-airflow
setuptools==74.1.2
    # via kubernetes-asyncio
    # via python-daemon
six==1.16.0
    # via kubernetes
    # via kubernetes-asyncio
    # via prison
    # via python-dateutil
    # via rfc3339-validator
    # via wirerope
sniffio==1.3.1
    # via anyio
    # via httpx
sqlalchemy==1.4.53
    # via alembic
    # via apache-airflow
    # via flask-appbuilder
    # via flask-sqlalchemy
    # via marshmallow-sqlalchemy
    # via sqlalchemy-jsonfield
    # via sqlalchemy-utils
sqlalchemy-jsonfield==1.0.2
    # via apache-airflow
sqlalchemy-utils==0.41.2
    # via flask-appbuilder
sqlparse==0.5.1
    # via apache-airflow-providers-common-sql
tabulate==0.9.0
    # via apache-airflow
tenacity==8.5.0
    # via apache-airflow
termcolor==2.4.0
    # via apache-airflow
text-unidecode==1.3
    # via python-slugify
time-machine==2.15.0
    # via pendulum
tornado==6.4.1
    # via flower
typing-extensions==4.12.2
    # via alembic
    # via flask-limiter
    # via limits
    # via opentelemetry-sdk
tzdata==2024.1
    # via celery
    # via pendulum
uc-micro-py==1.0.3
    # via linkify-it-py
unicodecsv==0.14.1
    # via apache-airflow
universal-pathlib==0.2.2
    # via apache-airflow
urllib3==1.26.19
    # via kubernetes
    # via kubernetes-asyncio
    # via requests
vine==5.1.0
    # via amqp
    # via celery
    # via kombu
wcwidth==0.2.13
    # via prompt-toolkit
websocket-client==1.8.0
    # via kubernetes
werkzeug==2.2.3
    # via apache-airflow
    # via connexion
    # via flask
    # via flask-appbuilder
    # via flask-jwt-extended
    # via flask-login
wirerope==0.4.7
    # via methodtools
wrapt==1.16.0
    # via deprecated
wtforms==3.1.2
    # via flask-appbuilder
    # via flask-wtf
yarl==1.9.4
    # via aiohttp
zipp==3.20.0
    # via importlib-metadata
